
Microsoft Visual Studio Solution File, Format Version 12.00
# Visual Studio Version 17
VisualStudioVersion = 17.6.33815.320
MinimumVisualStudioVersion = 10.0.40219.1
Project("{888888A0-9F3D-457C-B088-3A5042F75D52}") = "MSTA2", "MSTA2\MSTA2.pyproj", "{0B19959F-72AF-464A-AD62-2EBC14E183B7}"
EndProject
Global
	GlobalSection(SolutionConfigurationPlatforms) = preSolution
		Debug|Any CPU = Debug|Any CPU
		Release|Any CPU = Release|Any CPU
	EndGlobalSection
	GlobalSection(ProjectConfigurationPlatforms) = postSolution
		{0B19959F-72AF-464A-AD62-2EBC14E183B7}.Debug|Any CPU.ActiveCfg = Debug|Any CPU
		{0B19959F-72AF-464A-AD62-2EBC14E183B7}.Release|Any CPU.ActiveCfg = Release|Any CPU
	EndGlobalSection
	GlobalSection(SolutionProperties) = preSolution
		HideSolutionNode = FALSE
	EndGlobalSection
	GlobalSection(ExtensibilityGlobals) = postSolution
		SolutionGuid = {CDB7577F-D50A-47A7-8CA6-8EB484576701}
	EndGlobalSection
EndGlobal
