
Microsoft Visual Studio Solution File, Format Version 12.00
# Visual Studio Version 17
VisualStudioVersion = 17.6.33815.320
MinimumVisualStudioVersion = 10.0.40219.1
Project("{888888A0-9F3D-457C-B088-3A5042F75D52}") = "Wigner_d1", "Wigner_d1\Wigner_d1.pyproj", "{8234D34E-B8E0-4C73-A4A7-E6FED3E0A5C3}"
EndProject
Global
	GlobalSection(SolutionConfigurationPlatforms) = preSolution
		Debug|Any CPU = Debug|Any CPU
		Release|Any CPU = Release|Any CPU
	EndGlobalSection
	GlobalSection(ProjectConfigurationPlatforms) = postSolution
		{8234D34E-B8E0-4C73-A4A7-E6FED3E0A5C3}.Debug|Any CPU.ActiveCfg = Debug|Any CPU
		{8234D34E-B8E0-4C73-A4A7-E6FED3E0A5C3}.Release|Any CPU.ActiveCfg = Release|Any CPU
	EndGlobalSection
	GlobalSection(SolutionProperties) = preSolution
		HideSolutionNode = FALSE
	EndGlobalSection
	GlobalSection(ExtensibilityGlobals) = postSolution
		SolutionGuid = {4261E0AB-A06B-4CF2-91D2-7215A1593D7D}
	EndGlobalSection
EndGlobal
