
Microsoft Visual Studio Solution File, Format Version 12.00
# Visual Studio Version 17
VisualStudioVersion = 17.6.33815.320
MinimumVisualStudioVersion = 10.0.40219.1
Project("{888888A0-9F3D-457C-B088-3A5042F75D52}") = "envj", "envj\envj.pyproj", "{D0F9D9BC-CDC6-4817-AECB-8BCB9C80381B}"
EndProject
Global
	GlobalSection(SolutionConfigurationPlatforms) = preSolution
		Debug|Any CPU = Debug|Any CPU
		Release|Any CPU = Release|Any CPU
	EndGlobalSection
	GlobalSection(ProjectConfigurationPlatforms) = postSolution
		{D0F9D9BC-CDC6-4817-AECB-8BCB9C80381B}.Debug|Any CPU.ActiveCfg = Debug|Any CPU
		{D0F9D9BC-CDC6-4817-AECB-8BCB9C80381B}.Release|Any CPU.ActiveCfg = Release|Any CPU
	EndGlobalSection
	GlobalSection(SolutionProperties) = preSolution
		HideSolutionNode = FALSE
	EndGlobalSection
	GlobalSection(ExtensibilityGlobals) = postSolution
		SolutionGuid = {17DF8830-F71C-4005-932E-AFC4D14CB827}
	EndGlobalSection
EndGlobal
