
Microsoft Visual Studio Solution File, Format Version 12.00
# Visual Studio Version 17
VisualStudioVersion = 17.6.33815.320
MinimumVisualStudioVersion = 10.0.40219.1
Project("{888888A0-9F3D-457C-B088-3A5042F75D52}") = "rcbesselc", "rcbesselc\rcbesselc.pyproj", "{6E2188E3-AE38-48C1-818C-5E705944718F}"
EndProject
Global
	GlobalSection(SolutionConfigurationPlatforms) = preSolution
		Debug|Any CPU = Debug|Any CPU
		Release|Any CPU = Release|Any CPU
	EndGlobalSection
	GlobalSection(ProjectConfigurationPlatforms) = postSolution
		{6E2188E3-AE38-48C1-818C-5E705944718F}.Debug|Any CPU.ActiveCfg = Debug|Any CPU
		{6E2188E3-AE38-48C1-818C-5E705944718F}.Release|Any CPU.ActiveCfg = Release|Any CPU
	EndGlobalSection
	GlobalSection(SolutionProperties) = preSolution
		HideSolutionNode = FALSE
	EndGlobalSection
	GlobalSection(ExtensibilityGlobals) = postSolution
		SolutionGuid = {5D7B1317-4D20-40D4-8E01-1756E2568B7E}
	EndGlobalSection
EndGlobal
